
Microsoft Visual Studio Solution File, Format Version 12.00
# Visual Studio Version 17
VisualStudioVersion = 17.7.34024.191
MinimumVisualStudioVersion = 10.0.40219.1
Project("{FAE04EC0-301F-11D3-BF4B-00C04F79EFBC}") = "dongu-ornekler", "dongu-ornekler\dongu-ornekler.csproj", "{0DA9DA3E-976E-4502-8F86-429AAE1A8CA5}"
EndProject
Global
	GlobalSection(SolutionConfigurationPlatforms) = preSolution
		Debug|Any CPU = Debug|Any CPU
		Release|Any CPU = Release|Any CPU
	EndGlobalSection
	GlobalSection(ProjectConfigurationPlatforms) = postSolution
		{0DA9DA3E-976E-4502-8F86-429AAE1A8CA5}.Debug|Any CPU.ActiveCfg = Debug|Any CPU
		{0DA9DA3E-976E-4502-8F86-429AAE1A8CA5}.Debug|Any CPU.Build.0 = Debug|Any CPU
		{0DA9DA3E-976E-4502-8F86-429AAE1A8CA5}.Release|Any CPU.ActiveCfg = Release|Any CPU
		{0DA9DA3E-976E-4502-8F86-429AAE1A8CA5}.Release|Any CPU.Build.0 = Release|Any CPU
	EndGlobalSection
	GlobalSection(SolutionProperties) = preSolution
		HideSolutionNode = FALSE
	EndGlobalSection
	GlobalSection(ExtensibilityGlobals) = postSolution
		SolutionGuid = {2E44772C-5AD3-4F77-B6D8-AF55EC168C82}
	EndGlobalSection
EndGlobal
